
Microsoft Visual Studio Solution File, Format Version 12.00
# Visual Studio Version 17
VisualStudioVersion = 17.5.33414.496
MinimumVisualStudioVersion = 10.0.40219.1
Project("{FAE04EC0-301F-11D3-BF4B-00C04F79EFBC}") = "modul8_1302210022", "modul8_1302210022\modul8_1302210022.csproj", "{50DD89C7-007E-47C9-AF92-C79674928D60}"
EndProject
Global
	GlobalSection(SolutionConfigurationPlatforms) = preSolution
		Debug|Any CPU = Debug|Any CPU
		Release|Any CPU = Release|Any CPU
	EndGlobalSection
	GlobalSection(ProjectConfigurationPlatforms) = postSolution
		{50DD89C7-007E-47C9-AF92-C79674928D60}.Debug|Any CPU.ActiveCfg = Debug|Any CPU
		{50DD89C7-007E-47C9-AF92-C79674928D60}.Debug|Any CPU.Build.0 = Debug|Any CPU
		{50DD89C7-007E-47C9-AF92-C79674928D60}.Release|Any CPU.ActiveCfg = Release|Any CPU
		{50DD89C7-007E-47C9-AF92-C79674928D60}.Release|Any CPU.Build.0 = Release|Any CPU
	EndGlobalSection
	GlobalSection(SolutionProperties) = preSolution
		HideSolutionNode = FALSE
	EndGlobalSection
	GlobalSection(ExtensibilityGlobals) = postSolution
		SolutionGuid = {C6AAF158-B611-49EA-A3B6-A520043E84E2}
	EndGlobalSection
EndGlobal
